// !$*UTF8*$!
{
	archiveVersion = 1;
	classes = {
	};
	objectVersion = 46;
	objects = {

/* Begin PBXBuildFile section */
		FA3246761C43A2FB005C9F64 /* main.m in Sources */ = {isa = PBXBuildFile; fileRef = FA3246751C43A2FB005C9F64 /* main.m */; };
		FA3246791C43A2FB005C9F64 /* AppDelegate.m in Sources */ = {isa = PBXBuildFile; fileRef = FA3246781C43A2FB005C9F64 /* AppDelegate.m */; };
		FA32467C1C43A2FB005C9F64 /* ViewController.m in Sources */ = {isa = PBXBuildFile; fileRef = FA32467B1C43A2FB005C9F64 /* ViewController.m */; };
		FA32467F1C43A2FB005C9F64 /* Main.storyboard in Resources */ = {isa = PBXBuildFile; fileRef = FA32467D1C43A2FB005C9F64 /* Main.storyboard */; };
		FA3246811C43A2FB005C9F64 /* Assets.xcassets in Resources */ = {isa = PBXBuildFile; fileRef = FA3246801C43A2FB005C9F64 /* Assets.xcassets */; };
		FA3246841C43A2FB005C9F64 /* LaunchScreen.storyboard in Resources */ = {isa = PBXBuildFile; fileRef = FA3246821C43A2FB005C9F64 /* LaunchScreen.storyboard */; };
		FA32468F1C43A2FB005C9F64 /* Lesson_25_HW_2Tests.m in Sources */ = {isa = PBXBuildFile; fileRef = FA32468E1C43A2FB005C9F64 /* Lesson_25_HW_2Tests.m */; };
		FA32469A1C43A2FB005C9F64 /* Lesson_25_HW_2UITests.m in Sources */ = {isa = PBXBuildFile; fileRef = FA3246991C43A2FB005C9F64 /* Lesson_25_HW_2UITests.m */; };
		FA3246A81C43AA8A005C9F64 /* 1.jpg in Resources */ = {isa = PBXBuildFile; fileRef = FA3246A71C43AA8A005C9F64 /* 1.jpg */; };
/* End PBXBuildFile section */

/* Begin PBXContainerItemProxy section */
		FA32468B1C43A2FB005C9F64 /* PBXContainerItemProxy */ = {
			isa = PBXContainerItemProxy;
			containerPortal = FA3246691C43A2FB005C9F64 /* Project object */;
			proxyType = 1;
			remoteGlobalIDString = FA3246701C43A2FB005C9F64;
			remoteInfo = "Lesson 25 HW 2";
		};
		FA3246961C43A2FB005C9F64 /* PBXContainerItemProxy */ = {
			isa = PBXContainerItemProxy;
			containerPortal = FA3246691C43A2FB005C9F64 /* Project object */;
			proxyType = 1;
			remoteGlobalIDString = FA3246701C43A2FB005C9F64;
			remoteInfo = "Lesson 25 HW 2";
		};
/* End PBXContainerItemProxy section */

/* Begin PBXFileReference section */
		FA3246711C43A2FB005C9F64 /* Lesson 25 HW 2.app */ = {isa = PBXFileReference; explicitFileType = wrapper.application; includeInIndex = 0; path = "Lesson 25 HW 2.app"; sourceTree = BUILT_PRODUCTS_DIR; };
		FA3246751C43A2FB005C9F64 /* main.m */ = {isa = PBXFileReference; lastKnownFileType = sourcecode.c.objc; path = main.m; sourceTree = "<group>"; };
		FA3246771C43A2FB005C9F64 /* AppDelegate.h */ = {isa = PBXFileReference; lastKnownFileType = sourcecode.c.h; path = AppDelegate.h; sourceTree = "<group>"; };
		FA3246781C43A2FB005C9F64 /* AppDelegate.m */ = {isa = PBXFileReference; lastKnownFileType = sourcecode.c.objc; path = AppDelegate.m; sourceTree = "<group>"; };
		FA32467A1C43A2FB005C9F64 /* ViewController.h */ = {isa = PBXFileReference; lastKnownFileType = sourcecode.c.h; path = ViewController.h; sourceTree = "<group>"; };
		FA32467B1C43A2FB005C9F64 /* ViewController.m */ = {isa = PBXFileReference; lastKnownFileType = sourcecode.c.objc; path = ViewController.m; sourceTree = "<group>"; };
		FA32467E1C43A2FB005C9F64 /* Base */ = {isa = PBXFileReference; lastKnownFileType = file.storyboard; name = Base; path = Base.lproj/Main.storyboard; sourceTree = "<group>"; };
		FA3246801C43A2FB005C9F64 /* Assets.xcassets */ = {isa = PBXFileReference; lastKnownFileType = folder.assetcatalog; path = Assets.xcassets; sourceTree = "<group>"; };
		FA3246831C43A2FB005C9F64 /* Base */ = {isa = PBXFileReference; lastKnownFileType = file.storyboard; name = Base; path = Base.lproj/LaunchScreen.storyboard; sourceTree = "<group>"; };
		FA3246851C43A2FB005C9F64 /* Info.plist */ = {isa = PBXFileReference; lastKnownFileType = text.plist.xml; path = Info.plist; sourceTree = "<group>"; };
		FA32468A1C43A2FB005C9F64 /* Lesson 25 HW 2Tests.xctest */ = {isa = PBXFileReference; explicitFileType = wrapper.cfbundle; includeInIndex = 0; path = "Lesson 25 HW 2Tests.xctest"; sourceTree = BUILT_PRODUCTS_DIR; };
		FA32468E1C43A2FB005C9F64 /* Lesson_25_HW_2Tests.m */ = {isa = PBXFileReference; lastKnownFileType = sourcecode.c.objc; path = Lesson_25_HW_2Tests.m; sourceTree = "<group>"; };
		FA3246901C43A2FB005C9F64 /* Info.plist */ = {isa = PBXFileReference; lastKnownFileType = text.plist.xml; path = Info.plist; sourceTree = "<group>"; };
		FA3246951C43A2FB005C9F64 /* Lesson 25 HW 2UITests.xctest */ = {isa = PBXFileReference; explicitFileType = wrapper.cfbundle; includeInIndex = 0; path = "Lesson 25 HW 2UITests.xctest"; sourceTree = BUILT_PRODUCTS_DIR; };
		FA3246991C43A2FB005C9F64 /* Lesson_25_HW_2UITests.m */ = {isa = PBXFileReference; lastKnownFileType = sourcecode.c.objc; path = Lesson_25_HW_2UITests.m; sourceTree = "<group>"; };
		FA32469B1C43A2FB005C9F64 /* Info.plist */ = {isa = PBXFileReference; lastKnownFileType = text.plist.xml; path = Info.plist; sourceTree = "<group>"; };
		FA3246A71C43AA8A005C9F64 /* 1.jpg */ = {isa = PBXFileReference; lastKnownFileType = image.jpeg; path = 1.jpg; sourceTree = "<group>"; };
/* End PBXFileReference section */

/* Begin PBXFrameworksBuildPhase section */
		FA32466E1C43A2FB005C9F64 /* Frameworks */ = {
			isa = PBXFrameworksBuildPhase;
			buildActionMask = 2147483647;
			files = (
			);
			runOnlyForDeploymentPostprocessing = 0;
		};
		FA3246871C43A2FB005C9F64 /* Frameworks */ = {
			isa = PBXFrameworksBuildPhase;
			buildActionMask = 2147483647;
			files = (
			);
			runOnlyForDeploymentPostprocessing = 0;
		};
		FA3246921C43A2FB005C9F64 /* Frameworks */ = {
			isa = PBXFrameworksBuildPhase;
			buildActionMask = 2147483647;
			files = (
			);
			runOnlyForDeploymentPostprocessing = 0;
		};
/* End PBXFrameworksBuildPhase section */

/* Begin PBXGroup section */
		FA3246681C43A2FB005C9F64 = {
			isa = PBXGroup;
			children = (
				FA3246731C43A2FB005C9F64 /* Lesson 25 HW 2 */,
				FA32468D1C43A2FB005C9F64 /* Lesson 25 HW 2Tests */,
				FA3246981C43A2FB005C9F64 /* Lesson 25 HW 2UITests */,
				FA3246721C43A2FB005C9F64 /* Products */,
			);
			sourceTree = "<group>";
		};
		FA3246721C43A2FB005C9F64 /* Products */ = {
			isa = PBXGroup;
			children = (
				FA3246711C43A2FB005C9F64 /* Lesson 25 HW 2.app */,
				FA32468A1C43A2FB005C9F64 /* Lesson 25 HW 2Tests.xctest */,
				FA3246951C43A2FB005C9F64 /* Lesson 25 HW 2UITests.xctest */,
			);
			name = Products;
			sourceTree = "<group>";
		};
		FA3246731C43A2FB005C9F64 /* Lesson 25 HW 2 */ = {
			isa = PBXGroup;
			children = (
				FA3246A91C43AA94005C9F64 /* Images */,
				FA3246771C43A2FB005C9F64 /* AppDelegate.h */,
				FA3246781C43A2FB005C9F64 /* AppDelegate.m */,
				FA32467A1C43A2FB005C9F64 /* ViewController.h */,
				FA32467B1C43A2FB005C9F64 /* ViewController.m */,
				FA32467D1C43A2FB005C9F64 /* Main.storyboard */,
				FA3246801C43A2FB005C9F64 /* Assets.xcassets */,
				FA3246821C43A2FB005C9F64 /* LaunchScreen.storyboard */,
				FA3246851C43A2FB005C9F64 /* Info.plist */,
				FA3246741C43A2FB005C9F64 /* Supporting Files */,
			);
			path = "Lesson 25 HW 2";
			sourceTree = "<group>";
		};
		FA3246741C43A2FB005C9F64 /* Supporting Files */ = {
			isa = PBXGroup;
			children = (
				FA3246751C43A2FB005C9F64 /* main.m */,
			);
			name = "Supporting Files";
			sourceTree = "<group>";
		};
		FA32468D1C43A2FB005C9F64 /* Lesson 25 HW 2Tests */ = {
			isa = PBXGroup;
			children = (
				FA32468E1C43A2FB005C9F64 /* Lesson_25_HW_2Tests.m */,
				FA3246901C43A2FB005C9F64 /* Info.plist */,
			);
			path = "Lesson 25 HW 2Tests";
			sourceTree = "<group>";
		};
		FA3246981C43A2FB005C9F64 /* Lesson 25 HW 2UITests */ = {
			isa = PBXGroup;
			children = (
				FA3246991C43A2FB005C9F64 /* Lesson_25_HW_2UITests.m */,
				FA32469B1C43A2FB005C9F64 /* Info.plist */,
			);
			path = "Lesson 25 HW 2UITests";
			sourceTree = "<group>";
		};
		FA3246A91C43AA94005C9F64 /* Images */ = {
			isa = PBXGroup;
			children = (
				FA3246A71C43AA8A005C9F64 /* 1.jpg */,
			);
			name = Images;
			sourceTree = "<group>";
		};
/* End PBXGroup section */

/* Begin PBXNativeTarget section */
		FA3246701C43A2FB005C9F64 /* Lesson 25 HW 2 */ = {
			isa = PBXNativeTarget;
			buildConfigurationList = FA32469E1C43A2FB005C9F64 /* Build configuration list for PBXNativeTarget "Lesson 25 HW 2" */;
			buildPhases = (
				FA32466D1C43A2FB005C9F64 /* Sources */,
				FA32466E1C43A2FB005C9F64 /* Frameworks */,
				FA32466F1C43A2FB005C9F64 /* Resources */,
			);
			buildRules = (
			);
			dependencies = (
			);
			name = "Lesson 25 HW 2";
			productName = "Lesson 25 HW 2";
			productReference = FA3246711C43A2FB005C9F64 /* Lesson 25 HW 2.app */;
			productType = "com.apple.product-type.application";
		};
		FA3246891C43A2FB005C9F64 /* Lesson 25 HW 2Tests */ = {
			isa = PBXNativeTarget;
			buildConfigurationList = FA3246A11C43A2FB005C9F64 /* Build configuration list for PBXNativeTarget "Lesson 25 HW 2Tests" */;
			buildPhases = (
				FA3246861C43A2FB005C9F64 /* Sources */,
				FA3246871C43A2FB005C9F64 /* Frameworks */,
				FA3246881C43A2FB005C9F64 /* Resources */,
			);
			buildRules = (
			);
			dependencies = (
				FA32468C1C43A2FB005C9F64 /* PBXTargetDependency */,
			);
			name = "Lesson 25 HW 2Tests";
			productName = "Lesson 25 HW 2Tests";
			productReference = FA32468A1C43A2FB005C9F64 /* Lesson 25 HW 2Tests.xctest */;
			productType = "com.apple.product-type.bundle.unit-test";
		};
		FA3246941C43A2FB005C9F64 /* Lesson 25 HW 2UITests */ = {
			isa = PBXNativeTarget;
			buildConfigurationList = FA3246A41C43A2FB005C9F64 /* Build configuration list for PBXNativeTarget "Lesson 25 HW 2UITests" */;
			buildPhases = (
				FA3246911C43A2FB005C9F64 /* Sources */,
				FA3246921C43A2FB005C9F64 /* Frameworks */,
				FA3246931C43A2FB005C9F64 /* Resources */,
			);
			buildRules = (
			);
			dependencies = (
				FA3246971C43A2FB005C9F64 /* PBXTargetDependency */,
			);
			name = "Lesson 25 HW 2UITests";
			productName = "Lesson 25 HW 2UITests";
			productReference = FA3246951C43A2FB005C9F64 /* Lesson 25 HW 2UITests.xctest */;
			productType = "com.apple.product-type.bundle.ui-testing";
		};
/* End PBXNativeTarget section */

/* Begin PBXProject section */
		FA3246691C43A2FB005C9F64 /* Project object */ = {
			isa = PBXProject;
			attributes = {
				KnownAssetTags = (
					7,
					8,
				);
				LastUpgradeCheck = 0720;
				ORGANIZATIONNAME = Alex;
				TargetAttributes = {
					FA3246701C43A2FB005C9F64 = {
						CreatedOnToolsVersion = 7.2;
					};
					FA3246891C43A2FB005C9F64 = {
						CreatedOnToolsVersion = 7.2;
						TestTargetID = FA3246701C43A2FB005C9F64;
					};
					FA3246941C43A2FB005C9F64 = {
						CreatedOnToolsVersion = 7.2;
						TestTargetID = FA3246701C43A2FB005C9F64;
					};
				};
			};
			buildConfigurationList = FA32466C1C43A2FB005C9F64 /* Build configuration list for PBXProject "Lesson 25 HW 2" */;
			compatibilityVersion = "Xcode 3.2";
			developmentRegion = English;
			hasScannedForEncodings = 0;
			knownRegions = (
				en,
				Base,
			);
			mainGroup = FA3246681C43A2FB005C9F64;
			productRefGroup = FA3246721C43A2FB005C9F64 /* Products */;
			projectDirPath = "";
			projectRoot = "";
			targets = (
				FA3246701C43A2FB005C9F64 /* Lesson 25 HW 2 */,
				FA3246891C43A2FB005C9F64 /* Lesson 25 HW 2Tests */,
				FA3246941C43A2FB005C9F64 /* Lesson 25 HW 2UITests */,
			);
		};
/* End PBXProject section */

/* Begin PBXResourcesBuildPhase section */
		FA32466F1C43A2FB005C9F64 /* Resources */ = {
			isa = PBXResourcesBuildPhase;
			buildActionMask = 2147483647;
			files = (
				FA3246841C43A2FB005C9F64 /* LaunchScreen.storyboard in Resources */,
				FA3246A81C43AA8A005C9F64 /* 1.jpg in Resources */,
				FA3246811C43A2FB005C9F64 /* Assets.xcassets in Resources */,
				FA32467F1C43A2FB005C9F64 /* Main.storyboard in Resources */,
			);
			runOnlyForDeploymentPostprocessing = 0;
		};
		FA3246881C43A2FB005C9F64 /* Resources */ = {
			isa = PBXResourcesBuildPhase;
			buildActionMask = 2147483647;
			files = (
			);
			runOnlyForDeploymentPostprocessing = 0;
		};
		FA3246931C43A2FB005C9F64 /* Resources */ = {
			isa = PBXResourcesBuildPhase;
			buildActionMask = 2147483647;
			files = (
			);
			runOnlyForDeploymentPostprocessing = 0;
		};
/* End PBXResourcesBuildPhase section */

/* Begin PBXSourcesBuildPhase section */
		FA32466D1C43A2FB005C9F64 /* Sources */ = {
			isa = PBXSourcesBuildPhase;
			buildActionMask = 2147483647;
			files = (
				FA32467C1C43A2FB005C9F64 /* ViewController.m in Sources */,
				FA3246791C43A2FB005C9F64 /* AppDelegate.m in Sources */,
				FA3246761C43A2FB005C9F64 /* main.m in Sources */,
			);
			runOnlyForDeploymentPostprocessing = 0;
		};
		FA3246861C43A2FB005C9F64 /* Sources */ = {
			isa = PBXSourcesBuildPhase;
			buildActionMask = 2147483647;
			files = (
				FA32468F1C43A2FB005C9F64 /* Lesson_25_HW_2Tests.m in Sources */,
			);
			runOnlyForDeploymentPostprocessing = 0;
		};
		FA3246911C43A2FB005C9F64 /* Sources */ = {
			isa = PBXSourcesBuildPhase;
			buildActionMask = 2147483647;
			files = (
				FA32469A1C43A2FB005C9F64 /* Lesson_25_HW_2UITests.m in Sources */,
			);
			runOnlyForDeploymentPostprocessing = 0;
		};
/* End PBXSourcesBuildPhase section */

/* Begin PBXTargetDependency section */
		FA32468C1C43A2FB005C9F64 /* PBXTargetDependency */ = {
			isa = PBXTargetDependency;
			target = FA3246701C43A2FB005C9F64 /* Lesson 25 HW 2 */;
			targetProxy = FA32468B1C43A2FB005C9F64 /* PBXContainerItemProxy */;
		};
		FA3246971C43A2FB005C9F64 /* PBXTargetDependency */ = {
			isa = PBXTargetDependency;
			target = FA3246701C43A2FB005C9F64 /* Lesson 25 HW 2 */;
			targetProxy = FA3246961C43A2FB005C9F64 /* PBXContainerItemProxy */;
		};
/* End PBXTargetDependency section */

/* Begin PBXVariantGroup section */
		FA32467D1C43A2FB005C9F64 /* Main.storyboard */ = {
			isa = PBXVariantGroup;
			children = (
				FA32467E1C43A2FB005C9F64 /* Base */,
			);
			name = Main.storyboard;
			sourceTree = "<group>";
		};
		FA3246821C43A2FB005C9F64 /* LaunchScreen.storyboard */ = {
			isa = PBXVariantGroup;
			children = (
				FA3246831C43A2FB005C9F64 /* Base */,
			);
			name = LaunchScreen.storyboard;
			sourceTree = "<group>";
		};
/* End PBXVariantGroup section */

/* Begin XCBuildConfiguration section */
		FA32469C1C43A2FB005C9F64 /* Debug */ = {
			isa = XCBuildConfiguration;
			buildSettings = {
				ALWAYS_SEARCH_USER_PATHS = NO;
				CLANG_CXX_LANGUAGE_STANDARD = "gnu++0x";
				CLANG_CXX_LIBRARY = "libc++";
				CLANG_ENABLE_MODULES = YES;
				CLANG_ENABLE_OBJC_ARC = YES;
				CLANG_WARN_BOOL_CONVERSION = YES;
				CLANG_WARN_CONSTANT_CONVERSION = YES;
				CLANG_WARN_DIRECT_OBJC_ISA_USAGE = YES_ERROR;
				CLANG_WARN_EMPTY_BODY = YES;
				CLANG_WARN_ENUM_CONVERSION = YES;
				CLANG_WARN_INT_CONVERSION = YES;
				CLANG_WARN_OBJC_ROOT_CLASS = YES_ERROR;
				CLANG_WARN_UNREACHABLE_CODE = YES;
				CLANG_WARN__DUPLICATE_METHOD_MATCH = YES;
				"CODE_SIGN_IDENTITY[sdk=iphoneos*]" = "iPhone Developer";
				COPY_PHASE_STRIP = NO;
				DEBUG_INFORMATION_FORMAT = dwarf;
				ENABLE_STRICT_OBJC_MSGSEND = YES;
				ENABLE_TESTABILITY = YES;
				GCC_C_LANGUAGE_STANDARD = gnu99;
				GCC_DYNAMIC_NO_PIC = NO;
				GCC_NO_COMMON_BLOCKS = YES;
				GCC_OPTIMIZATION_LEVEL = 0;
				GCC_PREPROCESSOR_DEFINITIONS = (
					"DEBUG=1",
					"$(inherited)",
				);
				GCC_WARN_64_TO_32_BIT_CONVERSION = YES;
				GCC_WARN_ABOUT_RETURN_TYPE = YES_ERROR;
				GCC_WARN_UNDECLARED_SELECTOR = YES;
				GCC_WARN_UNINITIALIZED_AUTOS = YES_AGGRESSIVE;
				GCC_WARN_UNUSED_FUNCTION = YES;
				GCC_WARN_UNUSED_VARIABLE = YES;
				IPHONEOS_DEPLOYMENT_TARGET = 9.2;
				MTL_ENABLE_DEBUG_INFO = YES;
				ONLY_ACTIVE_ARCH = YES;
				SDKROOT = iphoneos;
			};
			name = Debug;
		};
		FA32469D1C43A2FB005C9F64 /* Release */ = {
			isa = XCBuildConfiguration;
			buildSettings = {
				ALWAYS_SEARCH_USER_PATHS = NO;
				CLANG_CXX_LANGUAGE_STANDARD = "gnu++0x";
				CLANG_CXX_LIBRARY = "libc++";
				CLANG_ENABLE_MODULES = YES;
				CLANG_ENABLE_OBJC_ARC = YES;
				CLANG_WARN_BOOL_CONVERSION = YES;
				CLANG_WARN_CONSTANT_CONVERSION = YES;
				CLANG_WARN_DIRECT_OBJC_ISA_USAGE = YES_ERROR;
				CLANG_WARN_EMPTY_BODY = YES;
				CLANG_WARN_ENUM_CONVERSION = YES;
				CLANG_WARN_INT_CONVERSION = YES;
				CLANG_WARN_OBJC_ROOT_CLASS = YES_ERROR;
				CLANG_WARN_UNREACHABLE_CODE = YES;
				CLANG_WARN__DUPLICATE_METHOD_MATCH = YES;
				"CODE_SIGN_IDENTITY[sdk=iphoneos*]" = "iPhone Developer";
				COPY_PHASE_STRIP = NO;
				DEBUG_INFORMATION_FORMAT = "dwarf-with-dsym";
				ENABLE_NS_ASSERTIONS = NO;
				ENABLE_STRICT_OBJC_MSGSEND = YES;
				GCC_C_LANGUAGE_STANDARD = gnu99;
				GCC_NO_COMMON_BLOCKS = YES;
				GCC_WARN_64_TO_32_BIT_CONVERSION = YES;
				GCC_WARN_ABOUT_RETURN_TYPE = YES_ERROR;
				GCC_WARN_UNDECLARED_SELECTOR = YES;
				GCC_WARN_UNINITIALIZED_AUTOS = YES_AGGRESSIVE;
				GCC_WARN_UNUSED_FUNCTION = YES;
				GCC_WARN_UNUSED_VARIABLE = YES;
				IPHONEOS_DEPLOYMENT_TARGET = 9.2;
				MTL_ENABLE_DEBUG_INFO = NO;
				SDKROOT = iphoneos;
				VALIDATE_PRODUCT = YES;
			};
			name = Release;
		};
		FA32469F1C43A2FB005C9F64 /* Debug */ = {
			isa = XCBuildConfiguration;
			buildSettings = {
				ASSETCATALOG_COMPILER_APPICON_NAME = AppIcon;
				INFOPLIST_FILE = "Lesson 25 HW 2/Info.plist";
				LD_RUNPATH_SEARCH_PATHS = "$(inherited) @executable_path/Frameworks";
				PRODUCT_BUNDLE_IDENTIFIER = "edu.self.Lesson-25-HW-2";
				PRODUCT_NAME = "$(TARGET_NAME)";
			};
			name = Debug;
		};
		FA3246A01C43A2FB005C9F64 /* Release */ = {
			isa = XCBuildConfiguration;
			buildSettings = {
				ASSETCATALOG_COMPILER_APPICON_NAME = AppIcon;
				INFOPLIST_FILE = "Lesson 25 HW 2/Info.plist";
				LD_RUNPATH_SEARCH_PATHS = "$(inherited) @executable_path/Frameworks";
				PRODUCT_BUNDLE_IDENTIFIER = "edu.self.Lesson-25-HW-2";
				PRODUCT_NAME = "$(TARGET_NAME)";
			};
			name = Release;
		};
		FA3246A21C43A2FB005C9F64 /* Debug */ = {
			isa = XCBuildConfiguration;
			buildSettings = {
				BUNDLE_LOADER = "$(TEST_HOST)";
				INFOPLIST_FILE = "Lesson 25 HW 2Tests/Info.plist";
				LD_RUNPATH_SEARCH_PATHS = "$(inherited) @executable_path/Frameworks @loader_path/Frameworks";
				PRODUCT_BUNDLE_IDENTIFIER = "edu.self.Lesson-25-HW-2Tests";
				PRODUCT_NAME = "$(TARGET_NAME)";
				TEST_HOST = "$(BUILT_PRODUCTS_DIR)/Lesson 25 HW 2.app/Lesson 25 HW 2";
			};
			name = Debug;
		};
		FA3246A31C43A2FB005C9F64 /* Release */ = {
			isa = XCBuildConfiguration;
			buildSettings = {
				BUNDLE_LOADER = "$(TEST_HOST)";
				INFOPLIST_FILE = "Lesson 25 HW 2Tests/Info.plist";
				LD_RUNPATH_SEARCH_PATHS = "$(inherited) @executable_path/Frameworks @loader_path/Frameworks";
				PRODUCT_BUNDLE_IDENTIFIER = "edu.self.Lesson-25-HW-2Tests";
				PRODUCT_NAME = "$(TARGET_NAME)";
				TEST_HOST = "$(BUILT_PRODUCTS_DIR)/Lesson 25 HW 2.app/Lesson 25 HW 2";
			};
			name = Release;
		};
		FA3246A51C43A2FB005C9F64 /* Debug */ = {
			isa = XCBuildConfiguration;
			buildSettings = {
				INFOPLIST_FILE = "Lesson 25 HW 2UITests/Info.plist";
				LD_RUNPATH_SEARCH_PATHS = "$(inherited) @executable_path/Frameworks @loader_path/Frameworks";
				PRODUCT_BUNDLE_IDENTIFIER = "edu.self.Lesson-25-HW-2UITests";
				PRODUCT_NAME = "$(TARGET_NAME)";
				TEST_TARGET_NAME = "Lesson 25 HW 2";
				USES_XCTRUNNER = YES;
			};
			name = Debug;
		};
		FA3246A61C43A2FB005C9F64 /* Release */ = {
			isa = XCBuildConfiguration;
			buildSettings = {
				INFOPLIST_FILE = "Lesson 25 HW 2UITests/Info.plist";
				LD_RUNPATH_SEARCH_PATHS = "$(inherited) @executable_path/Frameworks @loader_path/Frameworks";
				PRODUCT_BUNDLE_IDENTIFIER = "edu.self.Lesson-25-HW-2UITests";
				PRODUCT_NAME = "$(TARGET_NAME)";
				TEST_TARGET_NAME = "Lesson 25 HW 2";
				USES_XCTRUNNER = YES;
			};
			name = Release;
		};
/* End XCBuildConfiguration section */

/* Begin XCConfigurationList section */
		FA32466C1C43A2FB005C9F64 /* Build configuration list for PBXProject "Lesson 25 HW 2" */ = {
			isa = XCConfigurationList;
			buildConfigurations = (
				FA32469C1C43A2FB005C9F64 /* Debug */,
				FA32469D1C43A2FB005C9F64 /* Release */,
			);
			defaultConfigurationIsVisible = 0;
			defaultConfigurationName = Release;
		};
		FA32469E1C43A2FB005C9F64 /* Build configuration list for PBXNativeTarget "Lesson 25 HW 2" */ = {
			isa = XCConfigurationList;
			buildConfigurations = (
				FA32469F1C43A2FB005C9F64 /* Debug */,
				FA3246A01C43A2FB005C9F64 /* Release */,
			);
			defaultConfigurationIsVisible = 0;
		};
		FA3246A11C43A2FB005C9F64 /* Build configuration list for PBXNativeTarget "Lesson 25 HW 2Tests" */ = {
			isa = XCConfigurationList;
			buildConfigurations = (
				FA3246A21C43A2FB005C9F64 /* Debug */,
				FA3246A31C43A2FB005C9F64 /* Release */,
			);
			defaultConfigurationIsVisible = 0;
		};
		FA3246A41C43A2FB005C9F64 /* Build configuration list for PBXNativeTarget "Lesson 25 HW 2UITests" */ = {
			isa = XCConfigurationList;
			buildConfigurations = (
				FA3246A51C43A2FB005C9F64 /* Debug */,
				FA3246A61C43A2FB005C9F64 /* Release */,
			);
			defaultConfigurationIsVisible = 0;
		};
/* End XCConfigurationList section */
	};
	rootObject = FA3246691C43A2FB005C9F64 /* Project object */;
}
